
Microsoft Visual Studio Solution File, Format Version 12.00
# Visual Studio 15
VisualStudioVersion = 15.0.27428.2015
MinimumVisualStudioVersion = 10.0.40219.1
Project("{FAE04EC0-301F-11D3-BF4B-00C04F79EFBC}") = "SentimentAnalysis", "SentimentAnalysis\SentimentAnalysis.csproj", "{C10863C2-054C-4523-A942-AAA6372B2153}"
EndProject
Global
	GlobalSection(SolutionConfigurationPlatforms) = preSolution
		Debug|Any CPU = Debug|Any CPU
		Release|Any CPU = Release|Any CPU
	EndGlobalSection
	GlobalSection(ProjectConfigurationPlatforms) = postSolution
		{C10863C2-054C-4523-A942-AAA6372B2153}.Debug|Any CPU.ActiveCfg = Debug|Any CPU
		{C10863C2-054C-4523-A942-AAA6372B2153}.Debug|Any CPU.Build.0 = Debug|Any CPU
		{C10863C2-054C-4523-A942-AAA6372B2153}.Release|Any CPU.ActiveCfg = Release|Any CPU
		{C10863C2-054C-4523-A942-AAA6372B2153}.Release|Any CPU.Build.0 = Release|Any CPU
	EndGlobalSection
	GlobalSection(SolutionProperties) = preSolution
		HideSolutionNode = FALSE
	EndGlobalSection
	GlobalSection(ExtensibilityGlobals) = postSolution
		SolutionGuid = {37F6C157-D033-4CE6-AFB3-C9ACFBB9EFE2}
	EndGlobalSection
EndGlobal
